
Microsoft Visual Studio Solution File, Format Version 12.00
# Visual Studio Version 17
VisualStudioVersion = 17.1.32414.318
MinimumVisualStudioVersion = 10.0.40219.1
Project("{FAE04EC0-301F-11D3-BF4B-00C04F79EFBC}") = "EJ2_FZ", "EJ2_FZ\EJ2_FZ.csproj", "{0D22A53D-19A6-4F89-84E4-97161B8D947A}"
EndProject
Global
	GlobalSection(SolutionConfigurationPlatforms) = preSolution
		Debug|Any CPU = Debug|Any CPU
		Release|Any CPU = Release|Any CPU
	EndGlobalSection
	GlobalSection(ProjectConfigurationPlatforms) = postSolution
		{0D22A53D-19A6-4F89-84E4-97161B8D947A}.Debug|Any CPU.ActiveCfg = Debug|Any CPU
		{0D22A53D-19A6-4F89-84E4-97161B8D947A}.Debug|Any CPU.Build.0 = Debug|Any CPU
		{0D22A53D-19A6-4F89-84E4-97161B8D947A}.Release|Any CPU.ActiveCfg = Release|Any CPU
		{0D22A53D-19A6-4F89-84E4-97161B8D947A}.Release|Any CPU.Build.0 = Release|Any CPU
	EndGlobalSection
	GlobalSection(SolutionProperties) = preSolution
		HideSolutionNode = FALSE
	EndGlobalSection
	GlobalSection(ExtensibilityGlobals) = postSolution
		SolutionGuid = {94CA7CAA-77B2-4A38-A3CA-7F3F967A55C3}
	EndGlobalSection
EndGlobal
